
Microsoft Visual Studio Solution File, Format Version 12.00
# Visual Studio 15
VisualStudioVersion = 15.0.28307.1231
MinimumVisualStudioVersion = 10.0.40219.1
Project("{8BC9CEB8-8B4A-11D0-8D11-00A0C91BC942}") = "Str", "Str\Str.vcxproj", "{D36D8CA4-566E-40F2-A530-18008C04A088}"
EndProject
Global
	GlobalSection(SolutionConfigurationPlatforms) = preSolution
		Debug|x64 = Debug|x64
		Debug|x86 = Debug|x86
		Release|x64 = Release|x64
		Release|x86 = Release|x86
	EndGlobalSection
	GlobalSection(ProjectConfigurationPlatforms) = postSolution
		{D36D8CA4-566E-40F2-A530-18008C04A088}.Debug|x64.ActiveCfg = Debug|x64
		{D36D8CA4-566E-40F2-A530-18008C04A088}.Debug|x64.Build.0 = Debug|x64
		{D36D8CA4-566E-40F2-A530-18008C04A088}.Debug|x86.ActiveCfg = Debug|Win32
		{D36D8CA4-566E-40F2-A530-18008C04A088}.Debug|x86.Build.0 = Debug|Win32
		{D36D8CA4-566E-40F2-A530-18008C04A088}.Release|x64.ActiveCfg = Release|x64
		{D36D8CA4-566E-40F2-A530-18008C04A088}.Release|x64.Build.0 = Release|x64
		{D36D8CA4-566E-40F2-A530-18008C04A088}.Release|x86.ActiveCfg = Release|Win32
		{D36D8CA4-566E-40F2-A530-18008C04A088}.Release|x86.Build.0 = Release|Win32
	EndGlobalSection
	GlobalSection(SolutionProperties) = preSolution
		HideSolutionNode = FALSE
	EndGlobalSection
	GlobalSection(ExtensibilityGlobals) = postSolution
		SolutionGuid = {9D514AB2-5770-46A1-82C2-AAF9DEA0A376}
	EndGlobalSection
EndGlobal
